
Microsoft Visual Studio Solution File, Format Version 12.00
# Visual Studio Version 17
VisualStudioVersion = 17.12.35707.178
MinimumVisualStudioVersion = 10.0.40219.1
Project("{FAE04EC0-301F-11D3-BF4B-00C04F79EFBC}") = "DAL", "DAL\DAL.csproj", "{894B2C74-59F2-45C2-8364-F41CB87F1582}"
EndProject
Project("{FAE04EC0-301F-11D3-BF4B-00C04F79EFBC}") = "BLL", "BLL\BLL.csproj", "{345CB2F0-16A9-49C8-94B8-C0E0C9C7D65E}"
EndProject
Project("{FAE04EC0-301F-11D3-BF4B-00C04F79EFBC}") = "WebApi", "WebApi\WebApi.csproj", "{BA123182-2A06-48EB-96CF-5C6FAB12C0F7}"
EndProject
Project("{2150E333-8FDC-42A3-9474-1A3956D46DE8}") = "Solution Items", "Solution Items", "{D3EA5977-5053-4804-B01F-9CC5B11A3FA5}"
	ProjectSection(SolutionItems) = preProject
		Dockerfile = Dockerfile
	EndProjectSection
EndProject
Global
	GlobalSection(SolutionConfigurationPlatforms) = preSolution
		Debug|Any CPU = Debug|Any CPU
		Release|Any CPU = Release|Any CPU
	EndGlobalSection
	GlobalSection(ProjectConfigurationPlatforms) = postSolution
		{894B2C74-59F2-45C2-8364-F41CB87F1582}.Debug|Any CPU.ActiveCfg = Debug|Any CPU
		{894B2C74-59F2-45C2-8364-F41CB87F1582}.Debug|Any CPU.Build.0 = Debug|Any CPU
		{894B2C74-59F2-45C2-8364-F41CB87F1582}.Release|Any CPU.ActiveCfg = Release|Any CPU
		{894B2C74-59F2-45C2-8364-F41CB87F1582}.Release|Any CPU.Build.0 = Release|Any CPU
		{345CB2F0-16A9-49C8-94B8-C0E0C9C7D65E}.Debug|Any CPU.ActiveCfg = Debug|Any CPU
		{345CB2F0-16A9-49C8-94B8-C0E0C9C7D65E}.Debug|Any CPU.Build.0 = Debug|Any CPU
		{345CB2F0-16A9-49C8-94B8-C0E0C9C7D65E}.Release|Any CPU.ActiveCfg = Release|Any CPU
		{345CB2F0-16A9-49C8-94B8-C0E0C9C7D65E}.Release|Any CPU.Build.0 = Release|Any CPU
		{BA123182-2A06-48EB-96CF-5C6FAB12C0F7}.Debug|Any CPU.ActiveCfg = Debug|Any CPU
		{BA123182-2A06-48EB-96CF-5C6FAB12C0F7}.Debug|Any CPU.Build.0 = Debug|Any CPU
		{BA123182-2A06-48EB-96CF-5C6FAB12C0F7}.Release|Any CPU.ActiveCfg = Release|Any CPU
		{BA123182-2A06-48EB-96CF-5C6FAB12C0F7}.Release|Any CPU.Build.0 = Release|Any CPU
	EndGlobalSection
	GlobalSection(SolutionProperties) = preSolution
		HideSolutionNode = FALSE
	EndGlobalSection
EndGlobal
